
Microsoft Visual Studio Solution File, Format Version 12.00
# Visual Studio 15
VisualStudioVersion = 15.0.28307.168
MinimumVisualStudioVersion = 10.0.40219.1
Project("{FAE04EC0-301F-11D3-BF4B-00C04F79EFBC}") = "PeMirrorCreator", "PeMirrorCreator\PeMirrorCreator.csproj", "{5F79C149-2447-4CE4-A81D-189A862359BF}"
EndProject
Project("{FAE04EC0-301F-11D3-BF4B-00C04F79EFBC}") = "PeMirror.Injections", "PeMirror.Injections\PeMirror.Injections.csproj", "{4C504026-4BCE-4C1F-B176-0EED775443B6}"
EndProject
Global
	GlobalSection(SolutionConfigurationPlatforms) = preSolution
		Debug|Any CPU = Debug|Any CPU
		Release|Any CPU = Release|Any CPU
	EndGlobalSection
	GlobalSection(ProjectConfigurationPlatforms) = postSolution
		{5F79C149-2447-4CE4-A81D-189A862359BF}.Debug|Any CPU.ActiveCfg = Debug|Any CPU
		{5F79C149-2447-4CE4-A81D-189A862359BF}.Debug|Any CPU.Build.0 = Debug|Any CPU
		{5F79C149-2447-4CE4-A81D-189A862359BF}.Release|Any CPU.ActiveCfg = Release|Any CPU
		{5F79C149-2447-4CE4-A81D-189A862359BF}.Release|Any CPU.Build.0 = Release|Any CPU
		{4C504026-4BCE-4C1F-B176-0EED775443B6}.Debug|Any CPU.ActiveCfg = Debug|Any CPU
		{4C504026-4BCE-4C1F-B176-0EED775443B6}.Debug|Any CPU.Build.0 = Debug|Any CPU
		{4C504026-4BCE-4C1F-B176-0EED775443B6}.Release|Any CPU.ActiveCfg = Release|Any CPU
		{4C504026-4BCE-4C1F-B176-0EED775443B6}.Release|Any CPU.Build.0 = Release|Any CPU
	EndGlobalSection
	GlobalSection(SolutionProperties) = preSolution
		HideSolutionNode = FALSE
	EndGlobalSection
	GlobalSection(ExtensibilityGlobals) = postSolution
		SolutionGuid = {14FEAC27-B33F-4F28-8E92-B418CB671C8A}
	EndGlobalSection
EndGlobal
